
Microsoft Visual Studio Solution File, Format Version 12.00
# Visual Studio Version 17
VisualStudioVersion = 17.13.35818.85 d17.13
MinimumVisualStudioVersion = 10.0.40219.1
Project("{FAE04EC0-301F-11D3-BF4B-00C04F79EFBC}") = "complexe-voorbeeld-inheritance-geometry", "complexe-voorbeeld-inheritance-geometry\complexe-voorbeeld-inheritance-geometry.csproj", "{A9C6FC17-5AB9-4042-86CE-3CF6131855C6}"
EndProject
Global
	GlobalSection(SolutionConfigurationPlatforms) = preSolution
		Debug|Any CPU = Debug|Any CPU
		Release|Any CPU = Release|Any CPU
	EndGlobalSection
	GlobalSection(ProjectConfigurationPlatforms) = postSolution
		{A9C6FC17-5AB9-4042-86CE-3CF6131855C6}.Debug|Any CPU.ActiveCfg = Debug|Any CPU
		{A9C6FC17-5AB9-4042-86CE-3CF6131855C6}.Debug|Any CPU.Build.0 = Debug|Any CPU
		{A9C6FC17-5AB9-4042-86CE-3CF6131855C6}.Release|Any CPU.ActiveCfg = Release|Any CPU
		{A9C6FC17-5AB9-4042-86CE-3CF6131855C6}.Release|Any CPU.Build.0 = Release|Any CPU
	EndGlobalSection
	GlobalSection(SolutionProperties) = preSolution
		HideSolutionNode = FALSE
	EndGlobalSection
	GlobalSection(ExtensibilityGlobals) = postSolution
		SolutionGuid = {A6103B13-644D-42BB-B13C-AFE55A50AB25}
	EndGlobalSection
EndGlobal
