
Microsoft Visual Studio Solution File, Format Version 12.00
# Visual Studio Version 17
VisualStudioVersion = 17.8.34525.116
MinimumVisualStudioVersion = 10.0.40219.1
Project("{FAE04EC0-301F-11D3-BF4B-00C04F79EFBC}") = "Geometry", "Geometry\Geometry.csproj", "{320DC1AF-451C-4471-BEF3-85865E287184}"
EndProject
Global
	GlobalSection(SolutionConfigurationPlatforms) = preSolution
		Debug|Any CPU = Debug|Any CPU
		Release|Any CPU = Release|Any CPU
	EndGlobalSection
	GlobalSection(ProjectConfigurationPlatforms) = postSolution
		{320DC1AF-451C-4471-BEF3-85865E287184}.Debug|Any CPU.ActiveCfg = Debug|Any CPU
		{320DC1AF-451C-4471-BEF3-85865E287184}.Debug|Any CPU.Build.0 = Debug|Any CPU
		{320DC1AF-451C-4471-BEF3-85865E287184}.Release|Any CPU.ActiveCfg = Release|Any CPU
		{320DC1AF-451C-4471-BEF3-85865E287184}.Release|Any CPU.Build.0 = Release|Any CPU
	EndGlobalSection
	GlobalSection(SolutionProperties) = preSolution
		HideSolutionNode = FALSE
	EndGlobalSection
	GlobalSection(ExtensibilityGlobals) = postSolution
		SolutionGuid = {3740820D-367D-4538-B185-1C4ADF5A26B8}
	EndGlobalSection
EndGlobal
